// !$*UTF8*$!
{
	archiveVersion = 1;
	classes = {
	};
	objectVersion = 50;
	objects = {

/* Begin PBXBuildFile section */
		0A2DC4A8208CF22A00BBF5DA /* OODeepLinkKit.h in Headers */ = {isa = PBXBuildFile; fileRef = 0A2DC4A6208CF22A00BBF5DA /* OODeepLinkKit.h */; settings = {ATTRIBUTES = (Public, ); }; };
		0A2DC4C3208CF33800BBF5DA /* AppDelegate.m in Sources */ = {isa = PBXBuildFile; fileRef = 0A2DC4C2208CF33800BBF5DA /* AppDelegate.m */; };
		0A2DC4C6208CF33900BBF5DA /* ViewController.m in Sources */ = {isa = PBXBuildFile; fileRef = 0A2DC4C5208CF33900BBF5DA /* ViewController.m */; };
		0A2DC4C9208CF33900BBF5DA /* Main.storyboard in Resources */ = {isa = PBXBuildFile; fileRef = 0A2DC4C7208CF33900BBF5DA /* Main.storyboard */; };
		0A2DC4CB208CF33A00BBF5DA /* Assets.xcassets in Resources */ = {isa = PBXBuildFile; fileRef = 0A2DC4CA208CF33A00BBF5DA /* Assets.xcassets */; };
		0A2DC4CE208CF33A00BBF5DA /* LaunchScreen.storyboard in Resources */ = {isa = PBXBuildFile; fileRef = 0A2DC4CC208CF33A00BBF5DA /* LaunchScreen.storyboard */; };
		0A2DC4D1208CF33A00BBF5DA /* main.m in Sources */ = {isa = PBXBuildFile; fileRef = 0A2DC4D0208CF33A00BBF5DA /* main.m */; };
		0A2DC4DD208CF35700BBF5DA /* AppDelegate.m in Sources */ = {isa = PBXBuildFile; fileRef = 0A2DC4DC208CF35700BBF5DA /* AppDelegate.m */; };
		0A2DC4E0208CF35700BBF5DA /* ViewController.m in Sources */ = {isa = PBXBuildFile; fileRef = 0A2DC4DF208CF35700BBF5DA /* ViewController.m */; };
		0A2DC4E3208CF35700BBF5DA /* Main.storyboard in Resources */ = {isa = PBXBuildFile; fileRef = 0A2DC4E1208CF35700BBF5DA /* Main.storyboard */; };
		0A2DC4E5208CF35800BBF5DA /* Assets.xcassets in Resources */ = {isa = PBXBuildFile; fileRef = 0A2DC4E4208CF35800BBF5DA /* Assets.xcassets */; };
		0A2DC4E8208CF35800BBF5DA /* main.m in Sources */ = {isa = PBXBuildFile; fileRef = 0A2DC4E7208CF35800BBF5DA /* main.m */; };
		0A2DC4F1208CF36F00BBF5DA /* OODeepLinkKit.framework in Frameworks */ = {isa = PBXBuildFile; fileRef = 0A2DC4A3208CF22A00BBF5DA /* OODeepLinkKit.framework */; };
		0A2DC4F2208CF36F00BBF5DA /* OODeepLinkKit.framework in Embed Frameworks */ = {isa = PBXBuildFile; fileRef = 0A2DC4A3208CF22A00BBF5DA /* OODeepLinkKit.framework */; settings = {ATTRIBUTES = (CodeSignOnCopy, RemoveHeadersOnCopy, ); }; };
		0A2DC502208CF58000BBF5DA /* OODeepLinkKit.framework in Frameworks */ = {isa = PBXBuildFile; fileRef = 0A2DC4FB208CF58000BBF5DA /* OODeepLinkKit.framework */; };
		0A2DC503208CF58000BBF5DA /* OODeepLinkKit.framework in Embed Frameworks */ = {isa = PBXBuildFile; fileRef = 0A2DC4FB208CF58000BBF5DA /* OODeepLinkKit.framework */; settings = {ATTRIBUTES = (CodeSignOnCopy, RemoveHeadersOnCopy, ); }; };
		0A2DC507208CF61A00BBF5DA /* OODeepLinkKit.h in Headers */ = {isa = PBXBuildFile; fileRef = 0A2DC4A6208CF22A00BBF5DA /* OODeepLinkKit.h */; settings = {ATTRIBUTES = (Public, ); }; };
		0A2DC50A208CF64100BBF5DA /* DPLDeepLinkRouter+OO.h in Headers */ = {isa = PBXBuildFile; fileRef = 0A2DC508208CF64100BBF5DA /* DPLDeepLinkRouter+OO.h */; settings = {ATTRIBUTES = (Public, ); }; };
		0A2DC50B208CF64100BBF5DA /* DPLDeepLinkRouter+OO.h in Headers */ = {isa = PBXBuildFile; fileRef = 0A2DC508208CF64100BBF5DA /* DPLDeepLinkRouter+OO.h */; settings = {ATTRIBUTES = (Public, ); }; };
		0A2DC50C208CF64100BBF5DA /* DPLDeepLinkRouter+OO.m in Sources */ = {isa = PBXBuildFile; fileRef = 0A2DC509208CF64100BBF5DA /* DPLDeepLinkRouter+OO.m */; };
		0A2DC50D208CF64100BBF5DA /* DPLDeepLinkRouter+OO.m in Sources */ = {isa = PBXBuildFile; fileRef = 0A2DC509208CF64100BBF5DA /* DPLDeepLinkRouter+OO.m */; };
		2C684226B1CFD92AC7FDA806 /* Pods_OODeepLinkKit_tvOS.framework in Frameworks */ = {isa = PBXBuildFile; fileRef = F9919538D6210DBB563DFE1C /* Pods_OODeepLinkKit_tvOS.framework */; };
		3417084A688EC3C6F9D783E3 /* Pods_OODeepLinkKit_tvOS_Example.framework in Frameworks */ = {isa = PBXBuildFile; fileRef = CA1CB98B692740B5FF4173B6 /* Pods_OODeepLinkKit_tvOS_Example.framework */; };
		67D67914DB42560F216E42CD /* Pods_OODeepLinkKit_iOS.framework in Frameworks */ = {isa = PBXBuildFile; fileRef = 679797E8B7730EC20E073604 /* Pods_OODeepLinkKit_iOS.framework */; };
		BAA2A8221DFE953208C6EFA7 /* Pods_OODeepLinkKit_iOS_Example.framework in Frameworks */ = {isa = PBXBuildFile; fileRef = C82058B63178B962818D358E /* Pods_OODeepLinkKit_iOS_Example.framework */; };
/* End PBXBuildFile section */

/* Begin PBXContainerItemProxy section */
		0A2DC4F3208CF36F00BBF5DA /* PBXContainerItemProxy */ = {
			isa = PBXContainerItemProxy;
			containerPortal = 0A2DC49A208CF22A00BBF5DA /* Project object */;
			proxyType = 1;
			remoteGlobalIDString = 0A2DC4A2208CF22A00BBF5DA;
			remoteInfo = "OODeepLinkKit iOS";
		};
		0A2DC500208CF58000BBF5DA /* PBXContainerItemProxy */ = {
			isa = PBXContainerItemProxy;
			containerPortal = 0A2DC49A208CF22A00BBF5DA /* Project object */;
			proxyType = 1;
			remoteGlobalIDString = 0A2DC4FA208CF58000BBF5DA;
			remoteInfo = "OODeepLinkKit tvOS";
		};
/* End PBXContainerItemProxy section */

/* Begin PBXCopyFilesBuildPhase section */
		0A2DC4F0208CF36600BBF5DA /* Embed Frameworks */ = {
			isa = PBXCopyFilesBuildPhase;
			buildActionMask = 2147483647;
			dstPath = "";
			dstSubfolderSpec = 10;
			files = (
				0A2DC503208CF58000BBF5DA /* OODeepLinkKit.framework in Embed Frameworks */,
			);
			name = "Embed Frameworks";
			runOnlyForDeploymentPostprocessing = 0;
		};
		0A2DC4F5208CF36F00BBF5DA /* Embed Frameworks */ = {
			isa = PBXCopyFilesBuildPhase;
			buildActionMask = 2147483647;
			dstPath = "";
			dstSubfolderSpec = 10;
			files = (
				0A2DC4F2208CF36F00BBF5DA /* OODeepLinkKit.framework in Embed Frameworks */,
			);
			name = "Embed Frameworks";
			runOnlyForDeploymentPostprocessing = 0;
		};
/* End PBXCopyFilesBuildPhase section */

/* Begin PBXFileReference section */
		0A2DC4A3208CF22A00BBF5DA /* OODeepLinkKit.framework */ = {isa = PBXFileReference; explicitFileType = wrapper.framework; includeInIndex = 0; path = OODeepLinkKit.framework; sourceTree = BUILT_PRODUCTS_DIR; };
		0A2DC4A6208CF22A00BBF5DA /* OODeepLinkKit.h */ = {isa = PBXFileReference; lastKnownFileType = sourcecode.c.h; path = OODeepLinkKit.h; sourceTree = "<group>"; };
		0A2DC4A7208CF22A00BBF5DA /* Info.plist */ = {isa = PBXFileReference; lastKnownFileType = text.plist.xml; path = Info.plist; sourceTree = "<group>"; };
		0A2DC4BF208CF33800BBF5DA /* OODeepLinkKit iOS Example.app */ = {isa = PBXFileReference; explicitFileType = wrapper.application; includeInIndex = 0; path = "OODeepLinkKit iOS Example.app"; sourceTree = BUILT_PRODUCTS_DIR; };
		0A2DC4C1208CF33800BBF5DA /* AppDelegate.h */ = {isa = PBXFileReference; lastKnownFileType = sourcecode.c.h; path = AppDelegate.h; sourceTree = "<group>"; };
		0A2DC4C2208CF33800BBF5DA /* AppDelegate.m */ = {isa = PBXFileReference; lastKnownFileType = sourcecode.c.objc; path = AppDelegate.m; sourceTree = "<group>"; };
		0A2DC4C4208CF33900BBF5DA /* ViewController.h */ = {isa = PBXFileReference; lastKnownFileType = sourcecode.c.h; path = ViewController.h; sourceTree = "<group>"; };
		0A2DC4C5208CF33900BBF5DA /* ViewController.m */ = {isa = PBXFileReference; lastKnownFileType = sourcecode.c.objc; path = ViewController.m; sourceTree = "<group>"; };
		0A2DC4C8208CF33900BBF5DA /* Base */ = {isa = PBXFileReference; lastKnownFileType = file.storyboard; name = Base; path = Base.lproj/Main.storyboard; sourceTree = "<group>"; };
		0A2DC4CA208CF33A00BBF5DA /* Assets.xcassets */ = {isa = PBXFileReference; lastKnownFileType = folder.assetcatalog; path = Assets.xcassets; sourceTree = "<group>"; };
		0A2DC4CD208CF33A00BBF5DA /* Base */ = {isa = PBXFileReference; lastKnownFileType = file.storyboard; name = Base; path = Base.lproj/LaunchScreen.storyboard; sourceTree = "<group>"; };
		0A2DC4CF208CF33A00BBF5DA /* Info.plist */ = {isa = PBXFileReference; lastKnownFileType = text.plist.xml; path = Info.plist; sourceTree = "<group>"; };
		0A2DC4D0208CF33A00BBF5DA /* main.m */ = {isa = PBXFileReference; lastKnownFileType = sourcecode.c.objc; path = main.m; sourceTree = "<group>"; };
		0A2DC4D9208CF35700BBF5DA /* OODeepLinkKit tvOS Example.app */ = {isa = PBXFileReference; explicitFileType = wrapper.application; includeInIndex = 0; path = "OODeepLinkKit tvOS Example.app"; sourceTree = BUILT_PRODUCTS_DIR; };
		0A2DC4DB208CF35700BBF5DA /* AppDelegate.h */ = {isa = PBXFileReference; lastKnownFileType = sourcecode.c.h; path = AppDelegate.h; sourceTree = "<group>"; };
		0A2DC4DC208CF35700BBF5DA /* AppDelegate.m */ = {isa = PBXFileReference; lastKnownFileType = sourcecode.c.objc; path = AppDelegate.m; sourceTree = "<group>"; };
		0A2DC4DE208CF35700BBF5DA /* ViewController.h */ = {isa = PBXFileReference; lastKnownFileType = sourcecode.c.h; path = ViewController.h; sourceTree = "<group>"; };
		0A2DC4DF208CF35700BBF5DA /* ViewController.m */ = {isa = PBXFileReference; lastKnownFileType = sourcecode.c.objc; path = ViewController.m; sourceTree = "<group>"; };
		0A2DC4E2208CF35700BBF5DA /* Base */ = {isa = PBXFileReference; lastKnownFileType = file.storyboard; name = Base; path = Base.lproj/Main.storyboard; sourceTree = "<group>"; };
		0A2DC4E4208CF35800BBF5DA /* Assets.xcassets */ = {isa = PBXFileReference; lastKnownFileType = folder.assetcatalog; path = Assets.xcassets; sourceTree = "<group>"; };
		0A2DC4E6208CF35800BBF5DA /* Info.plist */ = {isa = PBXFileReference; lastKnownFileType = text.plist.xml; path = Info.plist; sourceTree = "<group>"; };
		0A2DC4E7208CF35800BBF5DA /* main.m */ = {isa = PBXFileReference; lastKnownFileType = sourcecode.c.objc; path = main.m; sourceTree = "<group>"; };
		0A2DC4FB208CF58000BBF5DA /* OODeepLinkKit.framework */ = {isa = PBXFileReference; explicitFileType = wrapper.framework; includeInIndex = 0; path = OODeepLinkKit.framework; sourceTree = BUILT_PRODUCTS_DIR; };
		0A2DC508208CF64100BBF5DA /* DPLDeepLinkRouter+OO.h */ = {isa = PBXFileReference; lastKnownFileType = sourcecode.c.h; path = "DPLDeepLinkRouter+OO.h"; sourceTree = "<group>"; };
		0A2DC509208CF64100BBF5DA /* DPLDeepLinkRouter+OO.m */ = {isa = PBXFileReference; lastKnownFileType = sourcecode.c.objc; path = "DPLDeepLinkRouter+OO.m"; sourceTree = "<group>"; };
		1013E9223F2EC90142E63A45 /* Pods-OODeepLinkKit iOS.debug.xcconfig */ = {isa = PBXFileReference; includeInIndex = 1; lastKnownFileType = text.xcconfig; name = "Pods-OODeepLinkKit iOS.debug.xcconfig"; path = "Pods/Target Support Files/Pods-OODeepLinkKit iOS/Pods-OODeepLinkKit iOS.debug.xcconfig"; sourceTree = "<group>"; };
		130498CCF695991027AE1EF3 /* Pods-OODeepLinkKit iOS Example.debug.xcconfig */ = {isa = PBXFileReference; includeInIndex = 1; lastKnownFileType = text.xcconfig; name = "Pods-OODeepLinkKit iOS Example.debug.xcconfig"; path = "Pods/Target Support Files/Pods-OODeepLinkKit iOS Example/Pods-OODeepLinkKit iOS Example.debug.xcconfig"; sourceTree = "<group>"; };
		679797E8B7730EC20E073604 /* Pods_OODeepLinkKit_iOS.framework */ = {isa = PBXFileReference; explicitFileType = wrapper.framework; includeInIndex = 0; path = Pods_OODeepLinkKit_iOS.framework; sourceTree = BUILT_PRODUCTS_DIR; };
		81D2589D2AC9BD035E94705D /* Pods-OODeepLinkKit tvOS.release.xcconfig */ = {isa = PBXFileReference; includeInIndex = 1; lastKnownFileType = text.xcconfig; name = "Pods-OODeepLinkKit tvOS.release.xcconfig"; path = "Pods/Target Support Files/Pods-OODeepLinkKit tvOS/Pods-OODeepLinkKit tvOS.release.xcconfig"; sourceTree = "<group>"; };
		87D8A5705B2DF38061EDE16B /* Pods-OODeepLinkKit iOS.release.xcconfig */ = {isa = PBXFileReference; includeInIndex = 1; lastKnownFileType = text.xcconfig; name = "Pods-OODeepLinkKit iOS.release.xcconfig"; path = "Pods/Target Support Files/Pods-OODeepLinkKit iOS/Pods-OODeepLinkKit iOS.release.xcconfig"; sourceTree = "<group>"; };
		C731BBACEE3826D8BA65956F /* Pods-OODeepLinkKit tvOS.debug.xcconfig */ = {isa = PBXFileReference; includeInIndex = 1; lastKnownFileType = text.xcconfig; name = "Pods-OODeepLinkKit tvOS.debug.xcconfig"; path = "Pods/Target Support Files/Pods-OODeepLinkKit tvOS/Pods-OODeepLinkKit tvOS.debug.xcconfig"; sourceTree = "<group>"; };
		C82058B63178B962818D358E /* Pods_OODeepLinkKit_iOS_Example.framework */ = {isa = PBXFileReference; explicitFileType = wrapper.framework; includeInIndex = 0; path = Pods_OODeepLinkKit_iOS_Example.framework; sourceTree = BUILT_PRODUCTS_DIR; };
		CA1CB98B692740B5FF4173B6 /* Pods_OODeepLinkKit_tvOS_Example.framework */ = {isa = PBXFileReference; explicitFileType = wrapper.framework; includeInIndex = 0; path = Pods_OODeepLinkKit_tvOS_Example.framework; sourceTree = BUILT_PRODUCTS_DIR; };
		D9B7C8A64984BB9D39299BE4 /* Pods-OODeepLinkKit iOS Example.release.xcconfig */ = {isa = PBXFileReference; includeInIndex = 1; lastKnownFileType = text.xcconfig; name = "Pods-OODeepLinkKit iOS Example.release.xcconfig"; path = "Pods/Target Support Files/Pods-OODeepLinkKit iOS Example/Pods-OODeepLinkKit iOS Example.release.xcconfig"; sourceTree = "<group>"; };
		DBE8E97F50D8BB8CC08824D5 /* Pods-OODeepLinkKit tvOS Example.release.xcconfig */ = {isa = PBXFileReference; includeInIndex = 1; lastKnownFileType = text.xcconfig; name = "Pods-OODeepLinkKit tvOS Example.release.xcconfig"; path = "Pods/Target Support Files/Pods-OODeepLinkKit tvOS Example/Pods-OODeepLinkKit tvOS Example.release.xcconfig"; sourceTree = "<group>"; };
		E035E1F9D18C3534215D7DBD /* Pods-OODeepLinkKit tvOS Example.debug.xcconfig */ = {isa = PBXFileReference; includeInIndex = 1; lastKnownFileType = text.xcconfig; name = "Pods-OODeepLinkKit tvOS Example.debug.xcconfig"; path = "Pods/Target Support Files/Pods-OODeepLinkKit tvOS Example/Pods-OODeepLinkKit tvOS Example.debug.xcconfig"; sourceTree = "<group>"; };
		F9919538D6210DBB563DFE1C /* Pods_OODeepLinkKit_tvOS.framework */ = {isa = PBXFileReference; explicitFileType = wrapper.framework; includeInIndex = 0; path = Pods_OODeepLinkKit_tvOS.framework; sourceTree = BUILT_PRODUCTS_DIR; };
/* End PBXFileReference section */

/* Begin PBXFrameworksBuildPhase section */
		0A2DC49F208CF22A00BBF5DA /* Frameworks */ = {
			isa = PBXFrameworksBuildPhase;
			buildActionMask = 2147483647;
			files = (
				67D67914DB42560F216E42CD /* Pods_OODeepLinkKit_iOS.framework in Frameworks */,
			);
			runOnlyForDeploymentPostprocessing = 0;
		};
		0A2DC4BC208CF33800BBF5DA /* Frameworks */ = {
			isa = PBXFrameworksBuildPhase;
			buildActionMask = 2147483647;
			files = (
				0A2DC4F1208CF36F00BBF5DA /* OODeepLinkKit.framework in Frameworks */,
				BAA2A8221DFE953208C6EFA7 /* Pods_OODeepLinkKit_iOS_Example.framework in Frameworks */,
			);
			runOnlyForDeploymentPostprocessing = 0;
		};
		0A2DC4D6208CF35700BBF5DA /* Frameworks */ = {
			isa = PBXFrameworksBuildPhase;
			buildActionMask = 2147483647;
			files = (
				0A2DC502208CF58000BBF5DA /* OODeepLinkKit.framework in Frameworks */,
				3417084A688EC3C6F9D783E3 /* Pods_OODeepLinkKit_tvOS_Example.framework in Frameworks */,
			);
			runOnlyForDeploymentPostprocessing = 0;
		};
		0A2DC4F7208CF58000BBF5DA /* Frameworks */ = {
			isa = PBXFrameworksBuildPhase;
			buildActionMask = 2147483647;
			files = (
				2C684226B1CFD92AC7FDA806 /* Pods_OODeepLinkKit_tvOS.framework in Frameworks */,
			);
			runOnlyForDeploymentPostprocessing = 0;
		};
/* End PBXFrameworksBuildPhase section */

/* Begin PBXGroup section */
		0A2DC499208CF22A00BBF5DA = {
			isa = PBXGroup;
			children = (
				0A2DC4A5208CF22A00BBF5DA /* OODeepLinkKit */,
				0A2DC4C0208CF33800BBF5DA /* OODeepLinkKit iOS Example */,
				0A2DC4DA208CF35700BBF5DA /* OODeepLinkKit tvOS Example */,
				0A2DC4A4208CF22A00BBF5DA /* Products */,
				BAFC0B7D3F338E91A117CDB4 /* Pods */,
				C8751750AF7C90C1A1210673 /* Frameworks */,
			);
			sourceTree = "<group>";
		};
		0A2DC4A4208CF22A00BBF5DA /* Products */ = {
			isa = PBXGroup;
			children = (
				0A2DC4A3208CF22A00BBF5DA /* OODeepLinkKit.framework */,
				0A2DC4BF208CF33800BBF5DA /* OODeepLinkKit iOS Example.app */,
				0A2DC4D9208CF35700BBF5DA /* OODeepLinkKit tvOS Example.app */,
				0A2DC4FB208CF58000BBF5DA /* OODeepLinkKit.framework */,
			);
			name = Products;
			sourceTree = "<group>";
		};
		0A2DC4A5208CF22A00BBF5DA /* OODeepLinkKit */ = {
			isa = PBXGroup;
			children = (
				0A2DC4A6208CF22A00BBF5DA /* OODeepLinkKit.h */,
				0A2DC508208CF64100BBF5DA /* DPLDeepLinkRouter+OO.h */,
				0A2DC509208CF64100BBF5DA /* DPLDeepLinkRouter+OO.m */,
				0A2DC4A7208CF22A00BBF5DA /* Info.plist */,
			);
			path = OODeepLinkKit;
			sourceTree = "<group>";
		};
		0A2DC4C0208CF33800BBF5DA /* OODeepLinkKit iOS Example */ = {
			isa = PBXGroup;
			children = (
				0A2DC4C1208CF33800BBF5DA /* AppDelegate.h */,
				0A2DC4C2208CF33800BBF5DA /* AppDelegate.m */,
				0A2DC4C4208CF33900BBF5DA /* ViewController.h */,
				0A2DC4C5208CF33900BBF5DA /* ViewController.m */,
				0A2DC4C7208CF33900BBF5DA /* Main.storyboard */,
				0A2DC4CA208CF33A00BBF5DA /* Assets.xcassets */,
				0A2DC4CC208CF33A00BBF5DA /* LaunchScreen.storyboard */,
				0A2DC4CF208CF33A00BBF5DA /* Info.plist */,
				0A2DC4D0208CF33A00BBF5DA /* main.m */,
			);
			path = "OODeepLinkKit iOS Example";
			sourceTree = "<group>";
		};
		0A2DC4DA208CF35700BBF5DA /* OODeepLinkKit tvOS Example */ = {
			isa = PBXGroup;
			children = (
				0A2DC4DB208CF35700BBF5DA /* AppDelegate.h */,
				0A2DC4DC208CF35700BBF5DA /* AppDelegate.m */,
				0A2DC4DE208CF35700BBF5DA /* ViewController.h */,
				0A2DC4DF208CF35700BBF5DA /* ViewController.m */,
				0A2DC4E1208CF35700BBF5DA /* Main.storyboard */,
				0A2DC4E4208CF35800BBF5DA /* Assets.xcassets */,
				0A2DC4E6208CF35800BBF5DA /* Info.plist */,
				0A2DC4E7208CF35800BBF5DA /* main.m */,
			);
			path = "OODeepLinkKit tvOS Example";
			sourceTree = "<group>";
		};
		BAFC0B7D3F338E91A117CDB4 /* Pods */ = {
			isa = PBXGroup;
			children = (
				1013E9223F2EC90142E63A45 /* Pods-OODeepLinkKit iOS.debug.xcconfig */,
				87D8A5705B2DF38061EDE16B /* Pods-OODeepLinkKit iOS.release.xcconfig */,
				130498CCF695991027AE1EF3 /* Pods-OODeepLinkKit iOS Example.debug.xcconfig */,
				D9B7C8A64984BB9D39299BE4 /* Pods-OODeepLinkKit iOS Example.release.xcconfig */,
				C731BBACEE3826D8BA65956F /* Pods-OODeepLinkKit tvOS.debug.xcconfig */,
				81D2589D2AC9BD035E94705D /* Pods-OODeepLinkKit tvOS.release.xcconfig */,
				E035E1F9D18C3534215D7DBD /* Pods-OODeepLinkKit tvOS Example.debug.xcconfig */,
				DBE8E97F50D8BB8CC08824D5 /* Pods-OODeepLinkKit tvOS Example.release.xcconfig */,
			);
			name = Pods;
			sourceTree = "<group>";
		};
		C8751750AF7C90C1A1210673 /* Frameworks */ = {
			isa = PBXGroup;
			children = (
				679797E8B7730EC20E073604 /* Pods_OODeepLinkKit_iOS.framework */,
				C82058B63178B962818D358E /* Pods_OODeepLinkKit_iOS_Example.framework */,
				F9919538D6210DBB563DFE1C /* Pods_OODeepLinkKit_tvOS.framework */,
				CA1CB98B692740B5FF4173B6 /* Pods_OODeepLinkKit_tvOS_Example.framework */,
			);
			name = Frameworks;
			sourceTree = "<group>";
		};
/* End PBXGroup section */

/* Begin PBXHeadersBuildPhase section */
		0A2DC4A0208CF22A00BBF5DA /* Headers */ = {
			isa = PBXHeadersBuildPhase;
			buildActionMask = 2147483647;
			files = (
				0A2DC50A208CF64100BBF5DA /* DPLDeepLinkRouter+OO.h in Headers */,
				0A2DC4A8208CF22A00BBF5DA /* OODeepLinkKit.h in Headers */,
			);
			runOnlyForDeploymentPostprocessing = 0;
		};
		0A2DC4F8208CF58000BBF5DA /* Headers */ = {
			isa = PBXHeadersBuildPhase;
			buildActionMask = 2147483647;
			files = (
				0A2DC50B208CF64100BBF5DA /* DPLDeepLinkRouter+OO.h in Headers */,
				0A2DC507208CF61A00BBF5DA /* OODeepLinkKit.h in Headers */,
			);
			runOnlyForDeploymentPostprocessing = 0;
		};
/* End PBXHeadersBuildPhase section */

/* Begin PBXNativeTarget section */
		0A2DC4A2208CF22A00BBF5DA /* OODeepLinkKit iOS */ = {
			isa = PBXNativeTarget;
			buildConfigurationList = 0A2DC4AB208CF22A00BBF5DA /* Build configuration list for PBXNativeTarget "OODeepLinkKit iOS" */;
			buildPhases = (
				EE1C1F87E2CCEDAF24DD8EE4 /* [CP] Check Pods Manifest.lock */,
				0A2DC49E208CF22A00BBF5DA /* Sources */,
				0A2DC49F208CF22A00BBF5DA /* Frameworks */,
				0A2DC4A0208CF22A00BBF5DA /* Headers */,
				0A2DC4A1208CF22A00BBF5DA /* Resources */,
			);
			buildRules = (
			);
			dependencies = (
			);
			name = "OODeepLinkKit iOS";
			productName = OODeepLinkKit;
			productReference = 0A2DC4A3208CF22A00BBF5DA /* OODeepLinkKit.framework */;
			productType = "com.apple.product-type.framework";
		};
		0A2DC4BE208CF33800BBF5DA /* OODeepLinkKit iOS Example */ = {
			isa = PBXNativeTarget;
			buildConfigurationList = 0A2DC4D2208CF33A00BBF5DA /* Build configuration list for PBXNativeTarget "OODeepLinkKit iOS Example" */;
			buildPhases = (
				629AAB9A78FEFDFECBAC61AD /* [CP] Check Pods Manifest.lock */,
				0A2DC4BB208CF33800BBF5DA /* Sources */,
				0A2DC4BC208CF33800BBF5DA /* Frameworks */,
				0A2DC4BD208CF33800BBF5DA /* Resources */,
				0A2DC4F5208CF36F00BBF5DA /* Embed Frameworks */,
				96E67197F3D4D3044F925752 /* [CP] Embed Pods Frameworks */,
			);
			buildRules = (
			);
			dependencies = (
				0A2DC4F4208CF36F00BBF5DA /* PBXTargetDependency */,
			);
			name = "OODeepLinkKit iOS Example";
			productName = "OODeepLinkKit iOS Example";
			productReference = 0A2DC4BF208CF33800BBF5DA /* OODeepLinkKit iOS Example.app */;
			productType = "com.apple.product-type.application";
		};
		0A2DC4D8208CF35700BBF5DA /* OODeepLinkKit tvOS Example */ = {
			isa = PBXNativeTarget;
			buildConfigurationList = 0A2DC4E9208CF35900BBF5DA /* Build configuration list for PBXNativeTarget "OODeepLinkKit tvOS Example" */;
			buildPhases = (
				CB1A7CB7AF5050DC4191B860 /* [CP] Check Pods Manifest.lock */,
				0A2DC4D5208CF35700BBF5DA /* Sources */,
				0A2DC4D6208CF35700BBF5DA /* Frameworks */,
				0A2DC4D7208CF35700BBF5DA /* Resources */,
				0A2DC4F0208CF36600BBF5DA /* Embed Frameworks */,
				6E4A4A8B3D85E8A7CD7CC1D1 /* [CP] Embed Pods Frameworks */,
			);
			buildRules = (
			);
			dependencies = (
				0A2DC501208CF58000BBF5DA /* PBXTargetDependency */,
			);
			name = "OODeepLinkKit tvOS Example";
			productName = "OODeepLinkKit tvOS Example";
			productReference = 0A2DC4D9208CF35700BBF5DA /* OODeepLinkKit tvOS Example.app */;
			productType = "com.apple.product-type.application";
		};
		0A2DC4FA208CF58000BBF5DA /* OODeepLinkKit tvOS */ = {
			isa = PBXNativeTarget;
			buildConfigurationList = 0A2DC504208CF58000BBF5DA /* Build configuration list for PBXNativeTarget "OODeepLinkKit tvOS" */;
			buildPhases = (
				3C686B974618FBFC9F52CC3D /* [CP] Check Pods Manifest.lock */,
				0A2DC4F6208CF58000BBF5DA /* Sources */,
				0A2DC4F7208CF58000BBF5DA /* Frameworks */,
				0A2DC4F8208CF58000BBF5DA /* Headers */,
				0A2DC4F9208CF58000BBF5DA /* Resources */,
			);
			buildRules = (
			);
			dependencies = (
			);
			name = "OODeepLinkKit tvOS";
			productName = "OODeepLinkKit tvOS";
			productReference = 0A2DC4FB208CF58000BBF5DA /* OODeepLinkKit.framework */;
			productType = "com.apple.product-type.framework";
		};
/* End PBXNativeTarget section */

/* Begin PBXProject section */
		0A2DC49A208CF22A00BBF5DA /* Project object */ = {
			isa = PBXProject;
			attributes = {
				LastUpgradeCheck = 0930;
				ORGANIZATIONNAME = emsihyo;
				TargetAttributes = {
					0A2DC4A2208CF22A00BBF5DA = {
						CreatedOnToolsVersion = 9.3;
					};
					0A2DC4BE208CF33800BBF5DA = {
						CreatedOnToolsVersion = 9.3;
					};
					0A2DC4D8208CF35700BBF5DA = {
						CreatedOnToolsVersion = 9.3;
					};
					0A2DC4FA208CF58000BBF5DA = {
						CreatedOnToolsVersion = 9.3;
					};
				};
			};
			buildConfigurationList = 0A2DC49D208CF22A00BBF5DA /* Build configuration list for PBXProject "OODeepLinkKit" */;
			compatibilityVersion = "Xcode 9.3";
			developmentRegion = en;
			hasScannedForEncodings = 0;
			knownRegions = (
				en,
				Base,
			);
			mainGroup = 0A2DC499208CF22A00BBF5DA;
			productRefGroup = 0A2DC4A4208CF22A00BBF5DA /* Products */;
			projectDirPath = "";
			projectRoot = "";
			targets = (
				0A2DC4A2208CF22A00BBF5DA /* OODeepLinkKit iOS */,
				0A2DC4FA208CF58000BBF5DA /* OODeepLinkKit tvOS */,
				0A2DC4BE208CF33800BBF5DA /* OODeepLinkKit iOS Example */,
				0A2DC4D8208CF35700BBF5DA /* OODeepLinkKit tvOS Example */,
			);
		};
/* End PBXProject section */

/* Begin PBXResourcesBuildPhase section */
		0A2DC4A1208CF22A00BBF5DA /* Resources */ = {
			isa = PBXResourcesBuildPhase;
			buildActionMask = 2147483647;
			files = (
			);
			runOnlyForDeploymentPostprocessing = 0;
		};
		0A2DC4BD208CF33800BBF5DA /* Resources */ = {
			isa = PBXResourcesBuildPhase;
			buildActionMask = 2147483647;
			files = (
				0A2DC4CE208CF33A00BBF5DA /* LaunchScreen.storyboard in Resources */,
				0A2DC4CB208CF33A00BBF5DA /* Assets.xcassets in Resources */,
				0A2DC4C9208CF33900BBF5DA /* Main.storyboard in Resources */,
			);
			runOnlyForDeploymentPostprocessing = 0;
		};
		0A2DC4D7208CF35700BBF5DA /* Resources */ = {
			isa = PBXResourcesBuildPhase;
			buildActionMask = 2147483647;
			files = (
				0A2DC4E5208CF35800BBF5DA /* Assets.xcassets in Resources */,
				0A2DC4E3208CF35700BBF5DA /* Main.storyboard in Resources */,
			);
			runOnlyForDeploymentPostprocessing = 0;
		};
		0A2DC4F9208CF58000BBF5DA /* Resources */ = {
			isa = PBXResourcesBuildPhase;
			buildActionMask = 2147483647;
			files = (
			);
			runOnlyForDeploymentPostprocessing = 0;
		};
/* End PBXResourcesBuildPhase section */

/* Begin PBXShellScriptBuildPhase section */
		3C686B974618FBFC9F52CC3D /* [CP] Check Pods Manifest.lock */ = {
			isa = PBXShellScriptBuildPhase;
			buildActionMask = 2147483647;
			files = (
			);
			inputPaths = (
				"${PODS_PODFILE_DIR_PATH}/Podfile.lock",
				"${PODS_ROOT}/Manifest.lock",
			);
			name = "[CP] Check Pods Manifest.lock";
			outputPaths = (
				"$(DERIVED_FILE_DIR)/Pods-OODeepLinkKit tvOS-checkManifestLockResult.txt",
			);
			runOnlyForDeploymentPostprocessing = 0;
			shellPath = /bin/sh;
			shellScript = "diff \"${PODS_PODFILE_DIR_PATH}/Podfile.lock\" \"${PODS_ROOT}/Manifest.lock\" > /dev/null\nif [ $? != 0 ] ; then\n    # print error to STDERR\n    echo \"error: The sandbox is not in sync with the Podfile.lock. Run 'pod install' or update your CocoaPods installation.\" >&2\n    exit 1\nfi\n# This output is used by Xcode 'outputs' to avoid re-running this script phase.\necho \"SUCCESS\" > \"${SCRIPT_OUTPUT_FILE_0}\"\n";
			showEnvVarsInLog = 0;
		};
		629AAB9A78FEFDFECBAC61AD /* [CP] Check Pods Manifest.lock */ = {
			isa = PBXShellScriptBuildPhase;
			buildActionMask = 2147483647;
			files = (
			);
			inputPaths = (
				"${PODS_PODFILE_DIR_PATH}/Podfile.lock",
				"${PODS_ROOT}/Manifest.lock",
			);
			name = "[CP] Check Pods Manifest.lock";
			outputPaths = (
				"$(DERIVED_FILE_DIR)/Pods-OODeepLinkKit iOS Example-checkManifestLockResult.txt",
			);
			runOnlyForDeploymentPostprocessing = 0;
			shellPath = /bin/sh;
			shellScript = "diff \"${PODS_PODFILE_DIR_PATH}/Podfile.lock\" \"${PODS_ROOT}/Manifest.lock\" > /dev/null\nif [ $? != 0 ] ; then\n    # print error to STDERR\n    echo \"error: The sandbox is not in sync with the Podfile.lock. Run 'pod install' or update your CocoaPods installation.\" >&2\n    exit 1\nfi\n# This output is used by Xcode 'outputs' to avoid re-running this script phase.\necho \"SUCCESS\" > \"${SCRIPT_OUTPUT_FILE_0}\"\n";
			showEnvVarsInLog = 0;
		};
		6E4A4A8B3D85E8A7CD7CC1D1 /* [CP] Embed Pods Frameworks */ = {
			isa = PBXShellScriptBuildPhase;
			buildActionMask = 2147483647;
			files = (
			);
			inputPaths = (
				"${SRCROOT}/Pods/Target Support Files/Pods-OODeepLinkKit tvOS Example/Pods-OODeepLinkKit tvOS Example-frameworks.sh",
				"${BUILT_PRODUCTS_DIR}/DeepLinkKit-tvOS/DeepLinkKit.framework",
			);
			name = "[CP] Embed Pods Frameworks";
			outputPaths = (
				"${TARGET_BUILD_DIR}/${FRAMEWORKS_FOLDER_PATH}/DeepLinkKit.framework",
			);
			runOnlyForDeploymentPostprocessing = 0;
			shellPath = /bin/sh;
			shellScript = "\"${SRCROOT}/Pods/Target Support Files/Pods-OODeepLinkKit tvOS Example/Pods-OODeepLinkKit tvOS Example-frameworks.sh\"\n";
			showEnvVarsInLog = 0;
		};
		96E67197F3D4D3044F925752 /* [CP] Embed Pods Frameworks */ = {
			isa = PBXShellScriptBuildPhase;
			buildActionMask = 2147483647;
			files = (
			);
			inputPaths = (
				"${SRCROOT}/Pods/Target Support Files/Pods-OODeepLinkKit iOS Example/Pods-OODeepLinkKit iOS Example-frameworks.sh",
				"${BUILT_PRODUCTS_DIR}/DeepLinkKit-iOS/DeepLinkKit.framework",
			);
			name = "[CP] Embed Pods Frameworks";
			outputPaths = (
				"${TARGET_BUILD_DIR}/${FRAMEWORKS_FOLDER_PATH}/DeepLinkKit.framework",
			);
			runOnlyForDeploymentPostprocessing = 0;
			shellPath = /bin/sh;
			shellScript = "\"${SRCROOT}/Pods/Target Support Files/Pods-OODeepLinkKit iOS Example/Pods-OODeepLinkKit iOS Example-frameworks.sh\"\n";
			showEnvVarsInLog = 0;
		};
		CB1A7CB7AF5050DC4191B860 /* [CP] Check Pods Manifest.lock */ = {
			isa = PBXShellScriptBuildPhase;
			buildActionMask = 2147483647;
			files = (
			);
			inputPaths = (
				"${PODS_PODFILE_DIR_PATH}/Podfile.lock",
				"${PODS_ROOT}/Manifest.lock",
			);
			name = "[CP] Check Pods Manifest.lock";
			outputPaths = (
				"$(DERIVED_FILE_DIR)/Pods-OODeepLinkKit tvOS Example-checkManifestLockResult.txt",
			);
			runOnlyForDeploymentPostprocessing = 0;
			shellPath = /bin/sh;
			shellScript = "diff \"${PODS_PODFILE_DIR_PATH}/Podfile.lock\" \"${PODS_ROOT}/Manifest.lock\" > /dev/null\nif [ $? != 0 ] ; then\n    # print error to STDERR\n    echo \"error: The sandbox is not in sync with the Podfile.lock. Run 'pod install' or update your CocoaPods installation.\" >&2\n    exit 1\nfi\n# This output is used by Xcode 'outputs' to avoid re-running this script phase.\necho \"SUCCESS\" > \"${SCRIPT_OUTPUT_FILE_0}\"\n";
			showEnvVarsInLog = 0;
		};
		EE1C1F87E2CCEDAF24DD8EE4 /* [CP] Check Pods Manifest.lock */ = {
			isa = PBXShellScriptBuildPhase;
			buildActionMask = 2147483647;
			files = (
			);
			inputPaths = (
				"${PODS_PODFILE_DIR_PATH}/Podfile.lock",
				"${PODS_ROOT}/Manifest.lock",
			);
			name = "[CP] Check Pods Manifest.lock";
			outputPaths = (
				"$(DERIVED_FILE_DIR)/Pods-OODeepLinkKit iOS-checkManifestLockResult.txt",
			);
			runOnlyForDeploymentPostprocessing = 0;
			shellPath = /bin/sh;
			shellScript = "diff \"${PODS_PODFILE_DIR_PATH}/Podfile.lock\" \"${PODS_ROOT}/Manifest.lock\" > /dev/null\nif [ $? != 0 ] ; then\n    # print error to STDERR\n    echo \"error: The sandbox is not in sync with the Podfile.lock. Run 'pod install' or update your CocoaPods installation.\" >&2\n    exit 1\nfi\n# This output is used by Xcode 'outputs' to avoid re-running this script phase.\necho \"SUCCESS\" > \"${SCRIPT_OUTPUT_FILE_0}\"\n";
			showEnvVarsInLog = 0;
		};
/* End PBXShellScriptBuildPhase section */

/* Begin PBXSourcesBuildPhase section */
		0A2DC49E208CF22A00BBF5DA /* Sources */ = {
			isa = PBXSourcesBuildPhase;
			buildActionMask = 2147483647;
			files = (
				0A2DC50C208CF64100BBF5DA /* DPLDeepLinkRouter+OO.m in Sources */,
			);
			runOnlyForDeploymentPostprocessing = 0;
		};
		0A2DC4BB208CF33800BBF5DA /* Sources */ = {
			isa = PBXSourcesBuildPhase;
			buildActionMask = 2147483647;
			files = (
				0A2DC4C6208CF33900BBF5DA /* ViewController.m in Sources */,
				0A2DC4D1208CF33A00BBF5DA /* main.m in Sources */,
				0A2DC4C3208CF33800BBF5DA /* AppDelegate.m in Sources */,
			);
			runOnlyForDeploymentPostprocessing = 0;
		};
		0A2DC4D5208CF35700BBF5DA /* Sources */ = {
			isa = PBXSourcesBuildPhase;
			buildActionMask = 2147483647;
			files = (
				0A2DC4E0208CF35700BBF5DA /* ViewController.m in Sources */,
				0A2DC4E8208CF35800BBF5DA /* main.m in Sources */,
				0A2DC4DD208CF35700BBF5DA /* AppDelegate.m in Sources */,
			);
			runOnlyForDeploymentPostprocessing = 0;
		};
		0A2DC4F6208CF58000BBF5DA /* Sources */ = {
			isa = PBXSourcesBuildPhase;
			buildActionMask = 2147483647;
			files = (
				0A2DC50D208CF64100BBF5DA /* DPLDeepLinkRouter+OO.m in Sources */,
			);
			runOnlyForDeploymentPostprocessing = 0;
		};
/* End PBXSourcesBuildPhase section */

/* Begin PBXTargetDependency section */
		0A2DC4F4208CF36F00BBF5DA /* PBXTargetDependency */ = {
			isa = PBXTargetDependency;
			target = 0A2DC4A2208CF22A00BBF5DA /* OODeepLinkKit iOS */;
			targetProxy = 0A2DC4F3208CF36F00BBF5DA /* PBXContainerItemProxy */;
		};
		0A2DC501208CF58000BBF5DA /* PBXTargetDependency */ = {
			isa = PBXTargetDependency;
			target = 0A2DC4FA208CF58000BBF5DA /* OODeepLinkKit tvOS */;
			targetProxy = 0A2DC500208CF58000BBF5DA /* PBXContainerItemProxy */;
		};
/* End PBXTargetDependency section */

/* Begin PBXVariantGroup section */
		0A2DC4C7208CF33900BBF5DA /* Main.storyboard */ = {
			isa = PBXVariantGroup;
			children = (
				0A2DC4C8208CF33900BBF5DA /* Base */,
			);
			name = Main.storyboard;
			sourceTree = "<group>";
		};
		0A2DC4CC208CF33A00BBF5DA /* LaunchScreen.storyboard */ = {
			isa = PBXVariantGroup;
			children = (
				0A2DC4CD208CF33A00BBF5DA /* Base */,
			);
			name = LaunchScreen.storyboard;
			sourceTree = "<group>";
		};
		0A2DC4E1208CF35700BBF5DA /* Main.storyboard */ = {
			isa = PBXVariantGroup;
			children = (
				0A2DC4E2208CF35700BBF5DA /* Base */,
			);
			name = Main.storyboard;
			sourceTree = "<group>";
		};
/* End PBXVariantGroup section */

/* Begin XCBuildConfiguration section */
		0A2DC4A9208CF22A00BBF5DA /* Debug */ = {
			isa = XCBuildConfiguration;
			buildSettings = {
				ALWAYS_SEARCH_USER_PATHS = NO;
				CLANG_ANALYZER_NONNULL = YES;
				CLANG_ANALYZER_NUMBER_OBJECT_CONVERSION = YES_AGGRESSIVE;
				CLANG_CXX_LANGUAGE_STANDARD = "gnu++14";
				CLANG_CXX_LIBRARY = "libc++";
				CLANG_ENABLE_MODULES = YES;
				CLANG_ENABLE_OBJC_ARC = YES;
				CLANG_ENABLE_OBJC_WEAK = YES;
				CLANG_WARN_BLOCK_CAPTURE_AUTORELEASING = YES;
				CLANG_WARN_BOOL_CONVERSION = YES;
				CLANG_WARN_COMMA = YES;
				CLANG_WARN_CONSTANT_CONVERSION = YES;
				CLANG_WARN_DEPRECATED_OBJC_IMPLEMENTATIONS = YES;
				CLANG_WARN_DIRECT_OBJC_ISA_USAGE = YES_ERROR;
				CLANG_WARN_DOCUMENTATION_COMMENTS = YES;
				CLANG_WARN_EMPTY_BODY = YES;
				CLANG_WARN_ENUM_CONVERSION = YES;
				CLANG_WARN_INFINITE_RECURSION = YES;
				CLANG_WARN_INT_CONVERSION = YES;
				CLANG_WARN_NON_LITERAL_NULL_CONVERSION = YES;
				CLANG_WARN_OBJC_IMPLICIT_RETAIN_SELF = YES;
				CLANG_WARN_OBJC_LITERAL_CONVERSION = YES;
				CLANG_WARN_OBJC_ROOT_CLASS = YES_ERROR;
				CLANG_WARN_RANGE_LOOP_ANALYSIS = YES;
				CLANG_WARN_STRICT_PROTOTYPES = YES;
				CLANG_WARN_SUSPICIOUS_MOVE = YES;
				CLANG_WARN_UNGUARDED_AVAILABILITY = YES_AGGRESSIVE;
				CLANG_WARN_UNREACHABLE_CODE = YES;
				CLANG_WARN__DUPLICATE_METHOD_MATCH = YES;
				CODE_SIGN_IDENTITY = "iPhone Developer";
				COPY_PHASE_STRIP = NO;
				CURRENT_PROJECT_VERSION = 1;
				DEBUG_INFORMATION_FORMAT = dwarf;
				ENABLE_STRICT_OBJC_MSGSEND = YES;
				ENABLE_TESTABILITY = YES;
				GCC_C_LANGUAGE_STANDARD = gnu11;
				GCC_DYNAMIC_NO_PIC = NO;
				GCC_NO_COMMON_BLOCKS = YES;
				GCC_OPTIMIZATION_LEVEL = 0;
				GCC_PREPROCESSOR_DEFINITIONS = (
					"DEBUG=1",
					"$(inherited)",
				);
				GCC_WARN_64_TO_32_BIT_CONVERSION = YES;
				GCC_WARN_ABOUT_RETURN_TYPE = YES_ERROR;
				GCC_WARN_UNDECLARED_SELECTOR = YES;
				GCC_WARN_UNINITIALIZED_AUTOS = YES_AGGRESSIVE;
				GCC_WARN_UNUSED_FUNCTION = YES;
				GCC_WARN_UNUSED_VARIABLE = YES;
				IPHONEOS_DEPLOYMENT_TARGET = 11.3;
				MTL_ENABLE_DEBUG_INFO = YES;
				ONLY_ACTIVE_ARCH = YES;
				SDKROOT = iphoneos;
				VERSIONING_SYSTEM = "apple-generic";
				VERSION_INFO_PREFIX = "";
			};
			name = Debug;
		};
		0A2DC4AA208CF22A00BBF5DA /* Release */ = {
			isa = XCBuildConfiguration;
			buildSettings = {
				ALWAYS_SEARCH_USER_PATHS = NO;
				CLANG_ANALYZER_NONNULL = YES;
				CLANG_ANALYZER_NUMBER_OBJECT_CONVERSION = YES_AGGRESSIVE;
				CLANG_CXX_LANGUAGE_STANDARD = "gnu++14";
				CLANG_CXX_LIBRARY = "libc++";
				CLANG_ENABLE_MODULES = YES;
				CLANG_ENABLE_OBJC_ARC = YES;
				CLANG_ENABLE_OBJC_WEAK = YES;
				CLANG_WARN_BLOCK_CAPTURE_AUTORELEASING = YES;
				CLANG_WARN_BOOL_CONVERSION = YES;
				CLANG_WARN_COMMA = YES;
				CLANG_WARN_CONSTANT_CONVERSION = YES;
				CLANG_WARN_DEPRECATED_OBJC_IMPLEMENTATIONS = YES;
				CLANG_WARN_DIRECT_OBJC_ISA_USAGE = YES_ERROR;
				CLANG_WARN_DOCUMENTATION_COMMENTS = YES;
				CLANG_WARN_EMPTY_BODY = YES;
				CLANG_WARN_ENUM_CONVERSION = YES;
				CLANG_WARN_INFINITE_RECURSION = YES;
				CLANG_WARN_INT_CONVERSION = YES;
				CLANG_WARN_NON_LITERAL_NULL_CONVERSION = YES;
				CLANG_WARN_OBJC_IMPLICIT_RETAIN_SELF = YES;
				CLANG_WARN_OBJC_LITERAL_CONVERSION = YES;
				CLANG_WARN_OBJC_ROOT_CLASS = YES_ERROR;
				CLANG_WARN_RANGE_LOOP_ANALYSIS = YES;
				CLANG_WARN_STRICT_PROTOTYPES = YES;
				CLANG_WARN_SUSPICIOUS_MOVE = YES;
				CLANG_WARN_UNGUARDED_AVAILABILITY = YES_AGGRESSIVE;
				CLANG_WARN_UNREACHABLE_CODE = YES;
				CLANG_WARN__DUPLICATE_METHOD_MATCH = YES;
				CODE_SIGN_IDENTITY = "iPhone Developer";
				COPY_PHASE_STRIP = NO;
				CURRENT_PROJECT_VERSION = 1;
				DEBUG_INFORMATION_FORMAT = "dwarf-with-dsym";
				ENABLE_NS_ASSERTIONS = NO;
				ENABLE_STRICT_OBJC_MSGSEND = YES;
				GCC_C_LANGUAGE_STANDARD = gnu11;
				GCC_NO_COMMON_BLOCKS = YES;
				GCC_WARN_64_TO_32_BIT_CONVERSION = YES;
				GCC_WARN_ABOUT_RETURN_TYPE = YES_ERROR;
				GCC_WARN_UNDECLARED_SELECTOR = YES;
				GCC_WARN_UNINITIALIZED_AUTOS = YES_AGGRESSIVE;
				GCC_WARN_UNUSED_FUNCTION = YES;
				GCC_WARN_UNUSED_VARIABLE = YES;
				IPHONEOS_DEPLOYMENT_TARGET = 11.3;
				MTL_ENABLE_DEBUG_INFO = NO;
				SDKROOT = iphoneos;
				VALIDATE_PRODUCT = YES;
				VERSIONING_SYSTEM = "apple-generic";
				VERSION_INFO_PREFIX = "";
			};
			name = Release;
		};
		0A2DC4AC208CF22A00BBF5DA /* Debug */ = {
			isa = XCBuildConfiguration;
			baseConfigurationReference = 1013E9223F2EC90142E63A45 /* Pods-OODeepLinkKit iOS.debug.xcconfig */;
			buildSettings = {
				CODE_SIGN_IDENTITY = "";
				CODE_SIGN_STYLE = Manual;
				DEFINES_MODULE = YES;
				DEVELOPMENT_TEAM = "";
				DYLIB_COMPATIBILITY_VERSION = 1;
				DYLIB_CURRENT_VERSION = 1;
				DYLIB_INSTALL_NAME_BASE = "@rpath";
				INFOPLIST_FILE = OODeepLinkKit/Info.plist;
				INSTALL_PATH = "$(LOCAL_LIBRARY_DIR)/Frameworks";
				IPHONEOS_DEPLOYMENT_TARGET = 8.0;
				LD_RUNPATH_SEARCH_PATHS = (
					"$(inherited)",
					"@executable_path/Frameworks",
					"@loader_path/Frameworks",
				);
				PRODUCT_BUNDLE_IDENTIFIER = com.emsihyo.OODeepLinkKit;
				PRODUCT_NAME = OODeepLinkKit;
				PROVISIONING_PROFILE_SPECIFIER = "";
				SKIP_INSTALL = YES;
				TARGETED_DEVICE_FAMILY = "1,2";
			};
			name = Debug;
		};
		0A2DC4AD208CF22A00BBF5DA /* Release */ = {
			isa = XCBuildConfiguration;
			baseConfigurationReference = 87D8A5705B2DF38061EDE16B /* Pods-OODeepLinkKit iOS.release.xcconfig */;
			buildSettings = {
				CODE_SIGN_IDENTITY = "";
				CODE_SIGN_STYLE = Manual;
				DEFINES_MODULE = YES;
				DEVELOPMENT_TEAM = "";
				DYLIB_COMPATIBILITY_VERSION = 1;
				DYLIB_CURRENT_VERSION = 1;
				DYLIB_INSTALL_NAME_BASE = "@rpath";
				INFOPLIST_FILE = OODeepLinkKit/Info.plist;
				INSTALL_PATH = "$(LOCAL_LIBRARY_DIR)/Frameworks";
				IPHONEOS_DEPLOYMENT_TARGET = 8.0;
				LD_RUNPATH_SEARCH_PATHS = (
					"$(inherited)",
					"@executable_path/Frameworks",
					"@loader_path/Frameworks",
				);
				PRODUCT_BUNDLE_IDENTIFIER = com.emsihyo.OODeepLinkKit;
				PRODUCT_NAME = OODeepLinkKit;
				PROVISIONING_PROFILE_SPECIFIER = "";
				SKIP_INSTALL = YES;
				TARGETED_DEVICE_FAMILY = "1,2";
			};
			name = Release;
		};
		0A2DC4D3208CF33A00BBF5DA /* Debug */ = {
			isa = XCBuildConfiguration;
			baseConfigurationReference = 130498CCF695991027AE1EF3 /* Pods-OODeepLinkKit iOS Example.debug.xcconfig */;
			buildSettings = {
				ASSETCATALOG_COMPILER_APPICON_NAME = AppIcon;
				CODE_SIGN_STYLE = Manual;
				DEVELOPMENT_TEAM = "";
				INFOPLIST_FILE = "OODeepLinkKit iOS Example/Info.plist";
				LD_RUNPATH_SEARCH_PATHS = (
					"$(inherited)",
					"@executable_path/Frameworks",
				);
				PRODUCT_BUNDLE_IDENTIFIER = "com.emsihyo.OODeepLinkKit-iOS-Example";
				PRODUCT_NAME = "$(TARGET_NAME)";
				PROVISIONING_PROFILE_SPECIFIER = "";
				TARGETED_DEVICE_FAMILY = "1,2";
			};
			name = Debug;
		};
		0A2DC4D4208CF33A00BBF5DA /* Release */ = {
			isa = XCBuildConfiguration;
			baseConfigurationReference = D9B7C8A64984BB9D39299BE4 /* Pods-OODeepLinkKit iOS Example.release.xcconfig */;
			buildSettings = {
				ASSETCATALOG_COMPILER_APPICON_NAME = AppIcon;
				CODE_SIGN_STYLE = Manual;
				DEVELOPMENT_TEAM = "";
				INFOPLIST_FILE = "OODeepLinkKit iOS Example/Info.plist";
				LD_RUNPATH_SEARCH_PATHS = (
					"$(inherited)",
					"@executable_path/Frameworks",
				);
				PRODUCT_BUNDLE_IDENTIFIER = "com.emsihyo.OODeepLinkKit-iOS-Example";
				PRODUCT_NAME = "$(TARGET_NAME)";
				PROVISIONING_PROFILE_SPECIFIER = "";
				TARGETED_DEVICE_FAMILY = "1,2";
			};
			name = Release;
		};
		0A2DC4EA208CF35900BBF5DA /* Debug */ = {
			isa = XCBuildConfiguration;
			baseConfigurationReference = E035E1F9D18C3534215D7DBD /* Pods-OODeepLinkKit tvOS Example.debug.xcconfig */;
			buildSettings = {
				ASSETCATALOG_COMPILER_APPICON_NAME = "App Icon & Top Shelf Image";
				ASSETCATALOG_COMPILER_LAUNCHIMAGE_NAME = LaunchImage;
				CODE_SIGN_STYLE = Manual;
				DEVELOPMENT_TEAM = "";
				INFOPLIST_FILE = "OODeepLinkKit tvOS Example/Info.plist";
				LD_RUNPATH_SEARCH_PATHS = (
					"$(inherited)",
					"@executable_path/Frameworks",
				);
				PRODUCT_BUNDLE_IDENTIFIER = "com.emsihyo.OODeepLinkKit-tvOS-Example";
				PRODUCT_NAME = "$(TARGET_NAME)";
				PROVISIONING_PROFILE_SPECIFIER = "";
				SDKROOT = appletvos;
				TARGETED_DEVICE_FAMILY = 3;
				TVOS_DEPLOYMENT_TARGET = 11.3;
			};
			name = Debug;
		};
		0A2DC4EB208CF35900BBF5DA /* Release */ = {
			isa = XCBuildConfiguration;
			baseConfigurationReference = DBE8E97F50D8BB8CC08824D5 /* Pods-OODeepLinkKit tvOS Example.release.xcconfig */;
			buildSettings = {
				ASSETCATALOG_COMPILER_APPICON_NAME = "App Icon & Top Shelf Image";
				ASSETCATALOG_COMPILER_LAUNCHIMAGE_NAME = LaunchImage;
				CODE_SIGN_STYLE = Manual;
				DEVELOPMENT_TEAM = "";
				INFOPLIST_FILE = "OODeepLinkKit tvOS Example/Info.plist";
				LD_RUNPATH_SEARCH_PATHS = (
					"$(inherited)",
					"@executable_path/Frameworks",
				);
				PRODUCT_BUNDLE_IDENTIFIER = "com.emsihyo.OODeepLinkKit-tvOS-Example";
				PRODUCT_NAME = "$(TARGET_NAME)";
				PROVISIONING_PROFILE_SPECIFIER = "";
				SDKROOT = appletvos;
				TARGETED_DEVICE_FAMILY = 3;
				TVOS_DEPLOYMENT_TARGET = 11.3;
			};
			name = Release;
		};
		0A2DC505208CF58000BBF5DA /* Debug */ = {
			isa = XCBuildConfiguration;
			baseConfigurationReference = C731BBACEE3826D8BA65956F /* Pods-OODeepLinkKit tvOS.debug.xcconfig */;
			buildSettings = {
				CODE_SIGN_IDENTITY = "";
				CODE_SIGN_STYLE = Manual;
				DEFINES_MODULE = YES;
				DEVELOPMENT_TEAM = "";
				DYLIB_COMPATIBILITY_VERSION = 1;
				DYLIB_CURRENT_VERSION = 1;
				DYLIB_INSTALL_NAME_BASE = "@rpath";
				INFOPLIST_FILE = "$(SRCROOT)/OODeepLinkKit/Info.plist";
				INSTALL_PATH = "$(LOCAL_LIBRARY_DIR)/Frameworks";
				LD_RUNPATH_SEARCH_PATHS = (
					"$(inherited)",
					"@executable_path/Frameworks",
					"@loader_path/Frameworks",
				);
				PRODUCT_BUNDLE_IDENTIFIER = "com.emsihyo.OODeepLinkKit-tvOS";
				PRODUCT_NAME = OODeepLinkKit;
				PROVISIONING_PROFILE_SPECIFIER = "";
				SDKROOT = appletvos;
				SKIP_INSTALL = YES;
				TARGETED_DEVICE_FAMILY = 3;
				TVOS_DEPLOYMENT_TARGET = 9.0;
			};
			name = Debug;
		};
		0A2DC506208CF58000BBF5DA /* Release */ = {
			isa = XCBuildConfiguration;
			baseConfigurationReference = 81D2589D2AC9BD035E94705D /* Pods-OODeepLinkKit tvOS.release.xcconfig */;
			buildSettings = {
				CODE_SIGN_IDENTITY = "";
				CODE_SIGN_STYLE = Manual;
				DEFINES_MODULE = YES;
				DEVELOPMENT_TEAM = "";
				DYLIB_COMPATIBILITY_VERSION = 1;
				DYLIB_CURRENT_VERSION = 1;
				DYLIB_INSTALL_NAME_BASE = "@rpath";
				INFOPLIST_FILE = "$(SRCROOT)/OODeepLinkKit/Info.plist";
				INSTALL_PATH = "$(LOCAL_LIBRARY_DIR)/Frameworks";
				LD_RUNPATH_SEARCH_PATHS = (
					"$(inherited)",
					"@executable_path/Frameworks",
					"@loader_path/Frameworks",
				);
				PRODUCT_BUNDLE_IDENTIFIER = "com.emsihyo.OODeepLinkKit-tvOS";
				PRODUCT_NAME = OODeepLinkKit;
				PROVISIONING_PROFILE_SPECIFIER = "";
				SDKROOT = appletvos;
				SKIP_INSTALL = YES;
				TARGETED_DEVICE_FAMILY = 3;
				TVOS_DEPLOYMENT_TARGET = 9.0;
			};
			name = Release;
		};
/* End XCBuildConfiguration section */

/* Begin XCConfigurationList section */
		0A2DC49D208CF22A00BBF5DA /* Build configuration list for PBXProject "OODeepLinkKit" */ = {
			isa = XCConfigurationList;
			buildConfigurations = (
				0A2DC4A9208CF22A00BBF5DA /* Debug */,
				0A2DC4AA208CF22A00BBF5DA /* Release */,
			);
			defaultConfigurationIsVisible = 0;
			defaultConfigurationName = Release;
		};
		0A2DC4AB208CF22A00BBF5DA /* Build configuration list for PBXNativeTarget "OODeepLinkKit iOS" */ = {
			isa = XCConfigurationList;
			buildConfigurations = (
				0A2DC4AC208CF22A00BBF5DA /* Debug */,
				0A2DC4AD208CF22A00BBF5DA /* Release */,
			);
			defaultConfigurationIsVisible = 0;
			defaultConfigurationName = Release;
		};
		0A2DC4D2208CF33A00BBF5DA /* Build configuration list for PBXNativeTarget "OODeepLinkKit iOS Example" */ = {
			isa = XCConfigurationList;
			buildConfigurations = (
				0A2DC4D3208CF33A00BBF5DA /* Debug */,
				0A2DC4D4208CF33A00BBF5DA /* Release */,
			);
			defaultConfigurationIsVisible = 0;
			defaultConfigurationName = Release;
		};
		0A2DC4E9208CF35900BBF5DA /* Build configuration list for PBXNativeTarget "OODeepLinkKit tvOS Example" */ = {
			isa = XCConfigurationList;
			buildConfigurations = (
				0A2DC4EA208CF35900BBF5DA /* Debug */,
				0A2DC4EB208CF35900BBF5DA /* Release */,
			);
			defaultConfigurationIsVisible = 0;
			defaultConfigurationName = Release;
		};
		0A2DC504208CF58000BBF5DA /* Build configuration list for PBXNativeTarget "OODeepLinkKit tvOS" */ = {
			isa = XCConfigurationList;
			buildConfigurations = (
				0A2DC505208CF58000BBF5DA /* Debug */,
				0A2DC506208CF58000BBF5DA /* Release */,
			);
			defaultConfigurationIsVisible = 0;
			defaultConfigurationName = Release;
		};
/* End XCConfigurationList section */
	};
	rootObject = 0A2DC49A208CF22A00BBF5DA /* Project object */;
}
